
Microsoft Visual Studio Solution File, Format Version 12.00
# Visual Studio Version 16
VisualStudioVersion = 16.0.29806.167
MinimumVisualStudioVersion = 10.0.40219.1
Project("{FAE04EC0-301F-11D3-BF4B-00C04F79EFBC}") = "MovieApi", "MovieApi\MovieApi.csproj", "{41B382FE-9DB5-4331-9480-8EB364E4E1C0}"
EndProject
Project("{FAE04EC0-301F-11D3-BF4B-00C04F79EFBC}") = "MovieApi.Application", "MovieApi.Application\MovieApi.Application.csproj", "{7DB65983-58B6-49C1-B17D-484DEA184EC4}"
EndProject
Project("{FAE04EC0-301F-11D3-BF4B-00C04F79EFBC}") = "MovieApi.CrossCutting", "MovieApi.CrossCutting\MovieApi.CrossCutting.csproj", "{8F034C75-79E6-4C2F-A124-60BF5F2C7D15}"
EndProject
Project("{FAE04EC0-301F-11D3-BF4B-00C04F79EFBC}") = "MovieApi.Domain", "MovieApi.Domain\MovieApi.Domain.csproj", "{2400E6BD-5A6F-4D29-BB8E-52141A5C444B}"
EndProject
Project("{FAE04EC0-301F-11D3-BF4B-00C04F79EFBC}") = "MovieApi.Entities", "MovieApi.Entities\MovieApi.Entities.csproj", "{375DDF49-608D-4209-B5CE-9E92193833F5}"
EndProject
Project("{FAE04EC0-301F-11D3-BF4B-00C04F79EFBC}") = "MovieApi.Infrastructure", "MovieApi.Infrastructure\MovieApi.Infrastructure.csproj", "{DC686F23-C18E-48F4-8736-9FB88E8B0B58}"
EndProject
Project("{2150E333-8FDC-42A3-9474-1A3956D46DE8}") = "Tests", "Tests", "{4A5012A3-1E8A-4374-AF02-455008C78DE3}"
EndProject
Project("{FAE04EC0-301F-11D3-BF4B-00C04F79EFBC}") = "MovieApi.Test", "MovieApi.Test\MovieApi.Test.csproj", "{9D94479B-4C85-47B8-822D-8A9725B7BFBE}"
EndProject
Project("{FAE04EC0-301F-11D3-BF4B-00C04F79EFBC}") = "MovieApi.Domain.Test", "MovieApi.Domain.Test\MovieApi.Domain.Test.csproj", "{84D8B50C-01D7-413E-81E0-65B5E56DDC49}"
EndProject
Global
	GlobalSection(SolutionConfigurationPlatforms) = preSolution
		Debug|Any CPU = Debug|Any CPU
		Release|Any CPU = Release|Any CPU
	EndGlobalSection
	GlobalSection(ProjectConfigurationPlatforms) = postSolution
		{41B382FE-9DB5-4331-9480-8EB364E4E1C0}.Debug|Any CPU.ActiveCfg = Debug|Any CPU
		{41B382FE-9DB5-4331-9480-8EB364E4E1C0}.Debug|Any CPU.Build.0 = Debug|Any CPU
		{41B382FE-9DB5-4331-9480-8EB364E4E1C0}.Release|Any CPU.ActiveCfg = Release|Any CPU
		{41B382FE-9DB5-4331-9480-8EB364E4E1C0}.Release|Any CPU.Build.0 = Release|Any CPU
		{7DB65983-58B6-49C1-B17D-484DEA184EC4}.Debug|Any CPU.ActiveCfg = Debug|Any CPU
		{7DB65983-58B6-49C1-B17D-484DEA184EC4}.Debug|Any CPU.Build.0 = Debug|Any CPU
		{7DB65983-58B6-49C1-B17D-484DEA184EC4}.Release|Any CPU.ActiveCfg = Release|Any CPU
		{7DB65983-58B6-49C1-B17D-484DEA184EC4}.Release|Any CPU.Build.0 = Release|Any CPU
		{8F034C75-79E6-4C2F-A124-60BF5F2C7D15}.Debug|Any CPU.ActiveCfg = Debug|Any CPU
		{8F034C75-79E6-4C2F-A124-60BF5F2C7D15}.Debug|Any CPU.Build.0 = Debug|Any CPU
		{8F034C75-79E6-4C2F-A124-60BF5F2C7D15}.Release|Any CPU.ActiveCfg = Release|Any CPU
		{8F034C75-79E6-4C2F-A124-60BF5F2C7D15}.Release|Any CPU.Build.0 = Release|Any CPU
		{2400E6BD-5A6F-4D29-BB8E-52141A5C444B}.Debug|Any CPU.ActiveCfg = Debug|Any CPU
		{2400E6BD-5A6F-4D29-BB8E-52141A5C444B}.Debug|Any CPU.Build.0 = Debug|Any CPU
		{2400E6BD-5A6F-4D29-BB8E-52141A5C444B}.Release|Any CPU.ActiveCfg = Release|Any CPU
		{2400E6BD-5A6F-4D29-BB8E-52141A5C444B}.Release|Any CPU.Build.0 = Release|Any CPU
		{375DDF49-608D-4209-B5CE-9E92193833F5}.Debug|Any CPU.ActiveCfg = Debug|Any CPU
		{375DDF49-608D-4209-B5CE-9E92193833F5}.Debug|Any CPU.Build.0 = Debug|Any CPU
		{375DDF49-608D-4209-B5CE-9E92193833F5}.Release|Any CPU.ActiveCfg = Release|Any CPU
		{375DDF49-608D-4209-B5CE-9E92193833F5}.Release|Any CPU.Build.0 = Release|Any CPU
		{DC686F23-C18E-48F4-8736-9FB88E8B0B58}.Debug|Any CPU.ActiveCfg = Debug|Any CPU
		{DC686F23-C18E-48F4-8736-9FB88E8B0B58}.Debug|Any CPU.Build.0 = Debug|Any CPU
		{DC686F23-C18E-48F4-8736-9FB88E8B0B58}.Release|Any CPU.ActiveCfg = Release|Any CPU
		{DC686F23-C18E-48F4-8736-9FB88E8B0B58}.Release|Any CPU.Build.0 = Release|Any CPU
		{9D94479B-4C85-47B8-822D-8A9725B7BFBE}.Debug|Any CPU.ActiveCfg = Debug|Any CPU
		{9D94479B-4C85-47B8-822D-8A9725B7BFBE}.Debug|Any CPU.Build.0 = Debug|Any CPU
		{9D94479B-4C85-47B8-822D-8A9725B7BFBE}.Release|Any CPU.ActiveCfg = Release|Any CPU
		{9D94479B-4C85-47B8-822D-8A9725B7BFBE}.Release|Any CPU.Build.0 = Release|Any CPU
		{84D8B50C-01D7-413E-81E0-65B5E56DDC49}.Debug|Any CPU.ActiveCfg = Debug|Any CPU
		{84D8B50C-01D7-413E-81E0-65B5E56DDC49}.Debug|Any CPU.Build.0 = Debug|Any CPU
		{84D8B50C-01D7-413E-81E0-65B5E56DDC49}.Release|Any CPU.ActiveCfg = Release|Any CPU
		{84D8B50C-01D7-413E-81E0-65B5E56DDC49}.Release|Any CPU.Build.0 = Release|Any CPU
	EndGlobalSection
	GlobalSection(SolutionProperties) = preSolution
		HideSolutionNode = FALSE
	EndGlobalSection
	GlobalSection(NestedProjects) = preSolution
		{9D94479B-4C85-47B8-822D-8A9725B7BFBE} = {4A5012A3-1E8A-4374-AF02-455008C78DE3}
		{84D8B50C-01D7-413E-81E0-65B5E56DDC49} = {4A5012A3-1E8A-4374-AF02-455008C78DE3}
	EndGlobalSection
	GlobalSection(ExtensibilityGlobals) = postSolution
		SolutionGuid = {E1C57235-9FE6-4CE6-886E-A966F2855B44}
	EndGlobalSection
EndGlobal
